Microsoft Visual Studio Solution File, Format Version 12.00
# Visual Studio Version 17
VisualStudioVersion = 17.5.2.0
MinimumVisualStudioVersion = 10.0.40219.1
Project("{2150E333-8FDC-42A3-9474-1A3956D46DE8}") = "Code", "Code", "{314C6247-30EA-3492-19B6-DF847E3B326F}"
EndProject
Project("{2150E333-8FDC-42A3-9474-1A3956D46DE8}") = "Editor", "Editor", "{28251423-8E50-9DF4-F913-DC1FAAA673F1}"
EndProject
Project("{FAE04EC0-301F-11D3-BF4B-00C04F79EFBC}") = "wizard_102", "Code\wizard_102.csproj", "{146F5D54-F59F-1693-BFE1-AD46D021C2D0}"
EndProject
Project("{FAE04EC0-301F-11D3-BF4B-00C04F79EFBC}") = "wizard_102.editor", "Editor\wizard_102.editor.csproj", "{2BCA27F6-4BB5-3E39-5150-D65A4F9C06E6}"
EndProject
Global
	GlobalSection(SolutionConfigurationPlatforms) = preSolution
		Debug|Any CPU = Debug|Any CPU
		Release|Any CPU = Release|Any CPU
	EndGlobalSection
	GlobalSection(ProjectConfigurationPlatforms) = postSolution
		{146F5D54-F59F-1693-BFE1-AD46D021C2D0}.Debug|Any CPU.ActiveCfg = Debug|Any CPU
		{146F5D54-F59F-1693-BFE1-AD46D021C2D0}.Debug|Any CPU.Build.0 = Debug|Any CPU
		{146F5D54-F59F-1693-BFE1-AD46D021C2D0}.Release|Any CPU.ActiveCfg = Release|Any CPU
		{146F5D54-F59F-1693-BFE1-AD46D021C2D0}.Release|Any CPU.Build.0 = Release|Any CPU
		{2BCA27F6-4BB5-3E39-5150-D65A4F9C06E6}.Debug|Any CPU.ActiveCfg = Debug|Any CPU
		{2BCA27F6-4BB5-3E39-5150-D65A4F9C06E6}.Debug|Any CPU.Build.0 = Debug|Any CPU
		{2BCA27F6-4BB5-3E39-5150-D65A4F9C06E6}.Release|Any CPU.ActiveCfg = Release|Any CPU
		{2BCA27F6-4BB5-3E39-5150-D65A4F9C06E6}.Release|Any CPU.Build.0 = Release|Any CPU
	EndGlobalSection
	GlobalSection(SolutionProperties) = preSolution
		HideSolutionNode = FALSE
	EndGlobalSection
	GlobalSection(NestedProjects) = preSolution
		{146F5D54-F59F-1693-BFE1-AD46D021C2D0} = {314C6247-30EA-3492-19B6-DF847E3B326F}
		{2BCA27F6-4BB5-3E39-5150-D65A4F9C06E6} = {28251423-8E50-9DF4-F913-DC1FAAA673F1}
	EndGlobalSection
	GlobalSection(ExtensibilityGlobals) = postSolution
		SolutionGuid = {66DBA453-28B2-4E6F-B0FC-DF6E7975BFCC}
	EndGlobalSection
EndGlobal
